{
  "name": "todo-test-flow-pilot",
  "lockfileVersion": 3,
  "requires": true,
  "packages": {
    "": {
      "name": "todo-test-flow-pilot",
      "devDependencies": {
        "@operatorstack/boatstack": "file:.boatstack/pilot-packages/operatorstack-boatstack-cd8b36b.tgz",
        "@operatorstack/boatstack-software-delivery": "file:.boatstack/pilot-packages/operatorstack-boatstack-software-delivery-cd8b36b.tgz"
      }
    },
    "node_modules/@operatorstack/boatstack": {
      "version": "0.0.0-development",
      "resolved": "file:.boatstack/pilot-packages/operatorstack-boatstack-cd8b36b.tgz",
      "integrity": "sha512-ST3dJGwf+Je5cID6/7CJ6XnpI8CeUXkFsG/dd+sKFlRVEhv6qSyg5CLsmFhM10bjgRAGQoubNbt1bN0PnEzdhQ==",
      "dev": true,
      "dependencies": {
        "typescript": "5.9.3"
      },
      "bin": {
        "boatstack-flow-frontend": "bin/boatstack-flow-frontend.mjs"
      }
    },
    "node_modules/@operatorstack/boatstack-software-delivery": {
      "version": "0.0.0-development",
      "resolved": "file:.boatstack/pilot-packages/operatorstack-boatstack-software-delivery-cd8b36b.tgz",
      "integrity": "sha512-cQl1BVGhDFLE8Q/9+ZWRjxmcv+ePpOeMDj8RKce1sEQbJiRVfiXt1Q/ooDhOPhB7JVQ0noz/ygYszZ23A05F3A==",
      "dev": true,
      "dependencies": {
        "@operatorstack/boatstack": "0.0.0-development"
      }
    },
    "node_modules/typescript": {
      "version": "5.9.3",
      "resolved": "https://registry.npmjs.org/typescript/-/typescript-5.9.3.tgz",
      "integrity": "sha512-jl1vZzPDinLr9eUt3J/t7V6FgNEw9QjvBPdysz9KfQDD41fQrC2Y4vKQdiaUpFT4bXlb1RHhLpp8wtm6M5TgSw==",
      "dev": true,
      "license": "Apache-2.0",
      "bin": {
        "tsc": "bin/tsc",
        "tsserver": "bin/tsserver"
      },
      "engines": {
        "node": ">=14.17"
      }
    }
  }
}
