{
  "name": "todo-test-flow-pilot",
  "lockfileVersion": 3,
  "requires": true,
  "packages": {
    "": {
      "name": "todo-test-flow-pilot",
      "devDependencies": {
        "@operatorstack/boatstack": "file:.boatstack/pilot-packages/operatorstack-boatstack-foreground.tgz",
        "@operatorstack/boatstack-software-delivery": "file:.boatstack/pilot-packages/operatorstack-boatstack-software-delivery-foreground.tgz"
      }
    },
    "node_modules/@operatorstack/boatstack": {
      "version": "0.0.0-development",
      "resolved": "file:.boatstack/pilot-packages/operatorstack-boatstack-foreground.tgz",
      "integrity": "sha512-OtDCEw7D0H0QgZMhQGzjrr0tU/CZAimeqNlJeJFhfDDeZvxNZxqnUlzMTBCOo8xBsTO/gZFQ+XVThc6J3E0jIw==",
      "dev": true,
      "dependencies": {
        "typescript": "5.9.3"
      },
      "bin": {
        "boatstack-flow-frontend": "bin/boatstack-flow-frontend.mjs"
      }
    },
    "node_modules/@operatorstack/boatstack-software-delivery": {
      "version": "0.0.0-development",
      "resolved": "file:.boatstack/pilot-packages/operatorstack-boatstack-software-delivery-foreground.tgz",
      "integrity": "sha512-5si1HOTffRB1Srth6934aDuHkWPtnOUydM1nVVqEz31C1+nvdY8H0gwvh4efP7IegWd4AV3v2I0+J5Drt29rIg==",
      "dev": true,
      "dependencies": {
        "@operatorstack/boatstack": "0.0.0-development"
      }
    },
    "node_modules/typescript": {
      "version": "5.9.3",
      "resolved": "https://registry.npmjs.org/typescript/-/typescript-5.9.3.tgz",
      "integrity": "sha512-jl1vZzPDinLr9eUt3J/t7V6FgNEw9QjvBPdysz9KfQDD41fQrC2Y4vKQdiaUpFT4bXlb1RHhLpp8wtm6M5TgSw==",
      "dev": true,
      "license": "Apache-2.0",
      "bin": {
        "tsc": "bin/tsc",
        "tsserver": "bin/tsserver"
      },
      "engines": {
        "node": ">=14.17"
      }
    }
  }
}
